
Microsoft Visual Studio Solution File, Format Version 12.00
# Visual Studio Version 17
VisualStudioVersion = 17.11.35312.102
MinimumVisualStudioVersion = 10.0.40219.1
Project("{9A19103F-16F7-4668-BE54-9A1E7A4F7556}") = "IPS.Grow.Func", "IPS.Grow.Func\IPS.Grow.Func.csproj", "{08729BCA-BE9C-4613-AF55-E726CB3DFBEE}"
EndProject
Project("{9A19103F-16F7-4668-BE54-9A1E7A4F7556}") = "IPS.Grow.OWASP", "IPS.Grow.OWASP\IPS.Grow.OWASP.csproj", "{D709A983-D00B-44BE-A47F-E58D6B3D9B6B}"
EndProject
Project("{FAE04EC0-301F-11D3-BF4B-00C04F79EFBC}") = "IPS.Grow.OWASP.Web.Server", "IPS.Grow.OWASP.Web\IPS.Grow.OWASP.Web.Server\IPS.Grow.OWASP.Web.Server.csproj", "{1DB9BF36-2D8E-4986-8E16-82A349F054BF}"
EndProject
Project("{54A90642-561A-4BB1-A94E-469ADEE60C69}") = "ips.grow.owasp.web.client", "IPS.Grow.OWASP.Web\ips.grow.owasp.web.client\ips.grow.owasp.web.client.esproj", "{246033EF-AC62-4F9F-AE36-C19858B35FBE}"
EndProject
Project("{FAE04EC0-301F-11D3-BF4B-00C04F79EFBC}") = "IPS.Grow.Domain", "IPS.Grow.Domain\IPS.Grow.Domain.csproj", "{95ECB12C-E2F0-422E-915A-9E554FA8E8DF}"
EndProject
Global
	GlobalSection(SolutionConfigurationPlatforms) = preSolution
		Debug|Any CPU = Debug|Any CPU
		Release|Any CPU = Release|Any CPU
	EndGlobalSection
	GlobalSection(ProjectConfigurationPlatforms) = postSolution
		{08729BCA-BE9C-4613-AF55-E726CB3DFBEE}.Debug|Any CPU.ActiveCfg = Debug|Any CPU
		{08729BCA-BE9C-4613-AF55-E726CB3DFBEE}.Debug|Any CPU.Build.0 = Debug|Any CPU
		{08729BCA-BE9C-4613-AF55-E726CB3DFBEE}.Release|Any CPU.ActiveCfg = Release|Any CPU
		{08729BCA-BE9C-4613-AF55-E726CB3DFBEE}.Release|Any CPU.Build.0 = Release|Any CPU
		{D709A983-D00B-44BE-A47F-E58D6B3D9B6B}.Debug|Any CPU.ActiveCfg = Debug|Any CPU
		{D709A983-D00B-44BE-A47F-E58D6B3D9B6B}.Debug|Any CPU.Build.0 = Debug|Any CPU
		{D709A983-D00B-44BE-A47F-E58D6B3D9B6B}.Release|Any CPU.ActiveCfg = Release|Any CPU
		{D709A983-D00B-44BE-A47F-E58D6B3D9B6B}.Release|Any CPU.Build.0 = Release|Any CPU
		{1DB9BF36-2D8E-4986-8E16-82A349F054BF}.Debug|Any CPU.ActiveCfg = Debug|Any CPU
		{1DB9BF36-2D8E-4986-8E16-82A349F054BF}.Debug|Any CPU.Build.0 = Debug|Any CPU
		{1DB9BF36-2D8E-4986-8E16-82A349F054BF}.Release|Any CPU.ActiveCfg = Release|Any CPU
		{1DB9BF36-2D8E-4986-8E16-82A349F054BF}.Release|Any CPU.Build.0 = Release|Any CPU
		{246033EF-AC62-4F9F-AE36-C19858B35FBE}.Debug|Any CPU.ActiveCfg = Debug|Any CPU
		{246033EF-AC62-4F9F-AE36-C19858B35FBE}.Debug|Any CPU.Build.0 = Debug|Any CPU
		{246033EF-AC62-4F9F-AE36-C19858B35FBE}.Debug|Any CPU.Deploy.0 = Debug|Any CPU
		{246033EF-AC62-4F9F-AE36-C19858B35FBE}.Release|Any CPU.ActiveCfg = Release|Any CPU
		{246033EF-AC62-4F9F-AE36-C19858B35FBE}.Release|Any CPU.Build.0 = Release|Any CPU
		{246033EF-AC62-4F9F-AE36-C19858B35FBE}.Release|Any CPU.Deploy.0 = Release|Any CPU
		{95ECB12C-E2F0-422E-915A-9E554FA8E8DF}.Debug|Any CPU.ActiveCfg = Debug|Any CPU
		{95ECB12C-E2F0-422E-915A-9E554FA8E8DF}.Debug|Any CPU.Build.0 = Debug|Any CPU
		{95ECB12C-E2F0-422E-915A-9E554FA8E8DF}.Release|Any CPU.ActiveCfg = Release|Any CPU
		{95ECB12C-E2F0-422E-915A-9E554FA8E8DF}.Release|Any CPU.Build.0 = Release|Any CPU
	EndGlobalSection
	GlobalSection(SolutionProperties) = preSolution
		HideSolutionNode = FALSE
	EndGlobalSection
	GlobalSection(ExtensibilityGlobals) = postSolution
		SolutionGuid = {10E69926-8A53-4E80-ACC3-8B92B720D3E1}
	EndGlobalSection
EndGlobal
