
Microsoft Visual Studio Solution File, Format Version 12.00
# Visual Studio Version 17
VisualStudioVersion = 17.11.35312.102
MinimumVisualStudioVersion = 10.0.40219.1
Project("{9A19103F-16F7-4668-BE54-9A1E7A4F7556}") = "IPS.Grow.Func", "IPS.Grow.Func\IPS.Grow.Func.csproj", "{08729BCA-BE9C-4613-AF55-E726CB3DFBEE}"
EndProject
Project("{9A19103F-16F7-4668-BE54-9A1E7A4F7556}") = "IPS.Grow.Infra", "IPS.Grow.Infra\IPS.Grow.Infra.csproj", "{D709A983-D00B-44BE-A47F-E58D6B3D9B6B}"
EndProject
Project("{9A19103F-16F7-4668-BE54-9A1E7A4F7556}") = "IPS.Grow.Web.Server", "IPS.Grow.Web\IPS.Grow.Web.Server\IPS.Grow.Web.Server.csproj", "{28F80B9C-99E4-4F29-9EB6-3BF558F4F538}"
EndProject
Project("{54A90642-561A-4BB1-A94E-469ADEE60C69}") = "ips.grow.web.client", "IPS.Grow.Web\ips.grow.web.client\ips.grow.web.client.esproj", "{C1B71CD9-0217-42DC-A38E-5BAC2AA1EB64}"
EndProject
Project("{2150E333-8FDC-42A3-9474-1A3956D46DE8}") = "1 - Azure Function", "1 - Azure Function", "{AEDAA338-E6D1-4EF2-BEA7-DBF1C1DFC3EA}"
EndProject
Project("{2150E333-8FDC-42A3-9474-1A3956D46DE8}") = "2 - Web", "2 - Web", "{28ED5FED-A26C-4083-869B-D51323AEE223}"
EndProject
Project("{2150E333-8FDC-42A3-9474-1A3956D46DE8}") = "0 - Shared", "0 - Shared", "{08C3D305-A625-49C3-B824-3912DC6F5EDA}"
EndProject
Project("{9A19103F-16F7-4668-BE54-9A1E7A4F7556}") = "IPS.Grow.Shared", "IPS.Grow.Shared\IPS.Grow.Shared.csproj", "{62E37E04-4271-402B-BE48-087985A938A2}"
EndProject
Global
	GlobalSection(SolutionConfigurationPlatforms) = preSolution
		Debug|Any CPU = Debug|Any CPU
		Release|Any CPU = Release|Any CPU
	EndGlobalSection
	GlobalSection(ProjectConfigurationPlatforms) = postSolution
		{08729BCA-BE9C-4613-AF55-E726CB3DFBEE}.Debug|Any CPU.ActiveCfg = Debug|Any CPU
		{08729BCA-BE9C-4613-AF55-E726CB3DFBEE}.Debug|Any CPU.Build.0 = Debug|Any CPU
		{08729BCA-BE9C-4613-AF55-E726CB3DFBEE}.Release|Any CPU.ActiveCfg = Release|Any CPU
		{08729BCA-BE9C-4613-AF55-E726CB3DFBEE}.Release|Any CPU.Build.0 = Release|Any CPU
		{D709A983-D00B-44BE-A47F-E58D6B3D9B6B}.Debug|Any CPU.ActiveCfg = Debug|Any CPU
		{D709A983-D00B-44BE-A47F-E58D6B3D9B6B}.Debug|Any CPU.Build.0 = Debug|Any CPU
		{D709A983-D00B-44BE-A47F-E58D6B3D9B6B}.Release|Any CPU.ActiveCfg = Release|Any CPU
		{D709A983-D00B-44BE-A47F-E58D6B3D9B6B}.Release|Any CPU.Build.0 = Release|Any CPU
		{28F80B9C-99E4-4F29-9EB6-3BF558F4F538}.Debug|Any CPU.ActiveCfg = Debug|Any CPU
		{28F80B9C-99E4-4F29-9EB6-3BF558F4F538}.Debug|Any CPU.Build.0 = Debug|Any CPU
		{28F80B9C-99E4-4F29-9EB6-3BF558F4F538}.Release|Any CPU.ActiveCfg = Release|Any CPU
		{28F80B9C-99E4-4F29-9EB6-3BF558F4F538}.Release|Any CPU.Build.0 = Release|Any CPU
		{C1B71CD9-0217-42DC-A38E-5BAC2AA1EB64}.Debug|Any CPU.ActiveCfg = Debug|Any CPU
		{C1B71CD9-0217-42DC-A38E-5BAC2AA1EB64}.Debug|Any CPU.Build.0 = Debug|Any CPU
		{C1B71CD9-0217-42DC-A38E-5BAC2AA1EB64}.Debug|Any CPU.Deploy.0 = Debug|Any CPU
		{C1B71CD9-0217-42DC-A38E-5BAC2AA1EB64}.Release|Any CPU.ActiveCfg = Release|Any CPU
		{C1B71CD9-0217-42DC-A38E-5BAC2AA1EB64}.Release|Any CPU.Build.0 = Release|Any CPU
		{C1B71CD9-0217-42DC-A38E-5BAC2AA1EB64}.Release|Any CPU.Deploy.0 = Release|Any CPU
		{62E37E04-4271-402B-BE48-087985A938A2}.Debug|Any CPU.ActiveCfg = Debug|Any CPU
		{62E37E04-4271-402B-BE48-087985A938A2}.Debug|Any CPU.Build.0 = Debug|Any CPU
		{62E37E04-4271-402B-BE48-087985A938A2}.Release|Any CPU.ActiveCfg = Release|Any CPU
		{62E37E04-4271-402B-BE48-087985A938A2}.Release|Any CPU.Build.0 = Release|Any CPU
	EndGlobalSection
	GlobalSection(SolutionProperties) = preSolution
		HideSolutionNode = FALSE
	EndGlobalSection
	GlobalSection(NestedProjects) = preSolution
		{08729BCA-BE9C-4613-AF55-E726CB3DFBEE} = {AEDAA338-E6D1-4EF2-BEA7-DBF1C1DFC3EA}
		{D709A983-D00B-44BE-A47F-E58D6B3D9B6B} = {28ED5FED-A26C-4083-869B-D51323AEE223}
		{28F80B9C-99E4-4F29-9EB6-3BF558F4F538} = {28ED5FED-A26C-4083-869B-D51323AEE223}
		{C1B71CD9-0217-42DC-A38E-5BAC2AA1EB64} = {28ED5FED-A26C-4083-869B-D51323AEE223}
		{62E37E04-4271-402B-BE48-087985A938A2} = {08C3D305-A625-49C3-B824-3912DC6F5EDA}
	EndGlobalSection
	GlobalSection(ExtensibilityGlobals) = postSolution
		SolutionGuid = {10E69926-8A53-4E80-ACC3-8B92B720D3E1}
	EndGlobalSection
EndGlobal
